
Microsoft Visual Studio Solution File, Format Version 12.00
# Visual Studio Version 17
VisualStudioVersion = 17.1.32328.378
MinimumVisualStudioVersion = 10.0.40219.1
Project("{FAE04EC0-301F-11D3-BF4B-00C04F79EFBC}") = "CSharp.LabExercise3", "CSharp.LabExercise3.csproj", "{2E2E57B0-6ED5-4CF7-A19B-51DF38C80CAE}"
EndProject
Global
	GlobalSection(SolutionConfigurationPlatforms) = preSolution
		Debug|Any CPU = Debug|Any CPU
		Release|Any CPU = Release|Any CPU
	EndGlobalSection
	GlobalSection(ProjectConfigurationPlatforms) = postSolution
		{2E2E57B0-6ED5-4CF7-A19B-51DF38C80CAE}.Debug|Any CPU.ActiveCfg = Debug|Any CPU
		{2E2E57B0-6ED5-4CF7-A19B-51DF38C80CAE}.Debug|Any CPU.Build.0 = Debug|Any CPU
		{2E2E57B0-6ED5-4CF7-A19B-51DF38C80CAE}.Release|Any CPU.ActiveCfg = Release|Any CPU
		{2E2E57B0-6ED5-4CF7-A19B-51DF38C80CAE}.Release|Any CPU.Build.0 = Release|Any CPU
	EndGlobalSection
	GlobalSection(SolutionProperties) = preSolution
		HideSolutionNode = FALSE
	EndGlobalSection
	GlobalSection(ExtensibilityGlobals) = postSolution
		SolutionGuid = {86C20B32-6468-4FB0-AC88-81CF9BF9F0B7}
	EndGlobalSection
EndGlobal
